
Microsoft Visual Studio Solution File, Format Version 12.00
# Visual Studio Version 17
VisualStudioVersion = 17.6.33829.357
MinimumVisualStudioVersion = 10.0.40219.1
Project("{FAE04EC0-301F-11D3-BF4B-00C04F79EFBC}") = "WebApplication1", "WebApplication1\WebApplication1.csproj", "{BEE5BEF6-9B93-4F8B-9A93-AB3AD2A20661}"
EndProject
Global
	GlobalSection(SolutionConfigurationPlatforms) = preSolution
		Debug|Any CPU = Debug|Any CPU
		Release|Any CPU = Release|Any CPU
	EndGlobalSection
	GlobalSection(ProjectConfigurationPlatforms) = postSolution
		{BEE5BEF6-9B93-4F8B-9A93-AB3AD2A20661}.Debug|Any CPU.ActiveCfg = Debug|Any CPU
		{BEE5BEF6-9B93-4F8B-9A93-AB3AD2A20661}.Debug|Any CPU.Build.0 = Debug|Any CPU
		{BEE5BEF6-9B93-4F8B-9A93-AB3AD2A20661}.Release|Any CPU.ActiveCfg = Release|Any CPU
		{BEE5BEF6-9B93-4F8B-9A93-AB3AD2A20661}.Release|Any CPU.Build.0 = Release|Any CPU
	EndGlobalSection
	GlobalSection(SolutionProperties) = preSolution
		HideSolutionNode = FALSE
	EndGlobalSection
	GlobalSection(ExtensibilityGlobals) = postSolution
		SolutionGuid = {8F8A55B0-A1C5-4B1B-9241-67ABAECD56E3}
	EndGlobalSection
EndGlobal
