
Microsoft Visual Studio Solution File, Format Version 12.00
# Visual Studio Version 17
VisualStudioVersion = 17.6.33829.357
MinimumVisualStudioVersion = 10.0.40219.1
Project("{FAE04EC0-301F-11D3-BF4B-00C04F79EFBC}") = "WebApplication1", "WebApplication1\WebApplication1.csproj", "{2190FCFA-9BB6-40ED-AB04-8A7B1623FFBF}"
EndProject
Global
	GlobalSection(SolutionConfigurationPlatforms) = preSolution
		Debug|Any CPU = Debug|Any CPU
		Release|Any CPU = Release|Any CPU
	EndGlobalSection
	GlobalSection(ProjectConfigurationPlatforms) = postSolution
		{2190FCFA-9BB6-40ED-AB04-8A7B1623FFBF}.Debug|Any CPU.ActiveCfg = Debug|Any CPU
		{2190FCFA-9BB6-40ED-AB04-8A7B1623FFBF}.Debug|Any CPU.Build.0 = Debug|Any CPU
		{2190FCFA-9BB6-40ED-AB04-8A7B1623FFBF}.Release|Any CPU.ActiveCfg = Release|Any CPU
		{2190FCFA-9BB6-40ED-AB04-8A7B1623FFBF}.Release|Any CPU.Build.0 = Release|Any CPU
	EndGlobalSection
	GlobalSection(SolutionProperties) = preSolution
		HideSolutionNode = FALSE
	EndGlobalSection
	GlobalSection(ExtensibilityGlobals) = postSolution
		SolutionGuid = {034AB20E-78C1-4F5E-BC62-390C0E9789C6}
	EndGlobalSection
EndGlobal
