
Microsoft Visual Studio Solution File, Format Version 12.00
# Visual Studio Version 17
VisualStudioVersion = 17.6.33829.357
MinimumVisualStudioVersion = 10.0.40219.1
Project("{FAE04EC0-301F-11D3-BF4B-00C04F79EFBC}") = "ConsoleApp1", "ConsoleApp1\ConsoleApp1.csproj", "{F54D212D-6B88-491D-BE84-2A1B7023E554}"
EndProject
Global
	GlobalSection(SolutionConfigurationPlatforms) = preSolution
		Debug|Any CPU = Debug|Any CPU
		Release|Any CPU = Release|Any CPU
	EndGlobalSection
	GlobalSection(ProjectConfigurationPlatforms) = postSolution
		{F54D212D-6B88-491D-BE84-2A1B7023E554}.Debug|Any CPU.ActiveCfg = Debug|Any CPU
		{F54D212D-6B88-491D-BE84-2A1B7023E554}.Debug|Any CPU.Build.0 = Debug|Any CPU
		{F54D212D-6B88-491D-BE84-2A1B7023E554}.Release|Any CPU.ActiveCfg = Release|Any CPU
		{F54D212D-6B88-491D-BE84-2A1B7023E554}.Release|Any CPU.Build.0 = Release|Any CPU
	EndGlobalSection
	GlobalSection(SolutionProperties) = preSolution
		HideSolutionNode = FALSE
	EndGlobalSection
	GlobalSection(ExtensibilityGlobals) = postSolution
		SolutionGuid = {FC01B466-6AD3-46ED-A4A3-58AF6A36A658}
	EndGlobalSection
EndGlobal
